
Microsoft Visual Studio Solution File, Format Version 12.00
# Visual Studio 14
VisualStudioVersion = 14.0.24720.0
MinimumVisualStudioVersion = 10.0.40219.1
Project("{FAE04EC0-301F-11D3-BF4B-00C04F79EFBC}") = "Lyu.Utility", "Lyu.Utility\Lyu.Utility.csproj", "{A8EEE703-3DD5-4529-82D2-AC74200654D1}"
EndProject
Project("{FAE04EC0-301F-11D3-BF4B-00C04F79EFBC}") = "Lyu.Scaffolding", "Lyu.Scaffolding\Lyu.Scaffolding.csproj", "{6578B162-5074-423F-B2EE-32A09FB8D3B3}"
EndProject
Project("{FAE04EC0-301F-11D3-BF4B-00C04F79EFBC}") = "Lyu.Abp.Core", "Lyu.Abp.Core\Lyu.Abp.Core.csproj", "{8DD17EA1-0CD1-4C02-BA97-522AF29BA982}"
EndProject
Project("{FAE04EC0-301F-11D3-BF4B-00C04F79EFBC}") = "Lyu.Web.Framework", "Lyu.Web.Framework\Lyu.Web.Framework.csproj", "{B7EE6D7B-E5F3-4978-BBF2-87FB19960AB1}"
EndProject
Global
	GlobalSection(SolutionConfigurationPlatforms) = preSolution
		Debug|Any CPU = Debug|Any CPU
		Release|Any CPU = Release|Any CPU
	EndGlobalSection
	GlobalSection(ProjectConfigurationPlatforms) = postSolution
		{A8EEE703-3DD5-4529-82D2-AC74200654D1}.Debug|Any CPU.ActiveCfg = Debug|Any CPU
		{A8EEE703-3DD5-4529-82D2-AC74200654D1}.Debug|Any CPU.Build.0 = Debug|Any CPU
		{A8EEE703-3DD5-4529-82D2-AC74200654D1}.Release|Any CPU.ActiveCfg = Release|Any CPU
		{A8EEE703-3DD5-4529-82D2-AC74200654D1}.Release|Any CPU.Build.0 = Release|Any CPU
		{6578B162-5074-423F-B2EE-32A09FB8D3B3}.Debug|Any CPU.ActiveCfg = Debug|Any CPU
		{6578B162-5074-423F-B2EE-32A09FB8D3B3}.Debug|Any CPU.Build.0 = Debug|Any CPU
		{6578B162-5074-423F-B2EE-32A09FB8D3B3}.Release|Any CPU.ActiveCfg = Release|Any CPU
		{6578B162-5074-423F-B2EE-32A09FB8D3B3}.Release|Any CPU.Build.0 = Release|Any CPU
		{8DD17EA1-0CD1-4C02-BA97-522AF29BA982}.Debug|Any CPU.ActiveCfg = Debug|Any CPU
		{8DD17EA1-0CD1-4C02-BA97-522AF29BA982}.Debug|Any CPU.Build.0 = Debug|Any CPU
		{8DD17EA1-0CD1-4C02-BA97-522AF29BA982}.Release|Any CPU.ActiveCfg = Release|Any CPU
		{8DD17EA1-0CD1-4C02-BA97-522AF29BA982}.Release|Any CPU.Build.0 = Release|Any CPU
		{B7EE6D7B-E5F3-4978-BBF2-87FB19960AB1}.Debug|Any CPU.ActiveCfg = Debug|Any CPU
		{B7EE6D7B-E5F3-4978-BBF2-87FB19960AB1}.Debug|Any CPU.Build.0 = Debug|Any CPU
		{B7EE6D7B-E5F3-4978-BBF2-87FB19960AB1}.Release|Any CPU.ActiveCfg = Release|Any CPU
		{B7EE6D7B-E5F3-4978-BBF2-87FB19960AB1}.Release|Any CPU.Build.0 = Release|Any CPU
	EndGlobalSection
	GlobalSection(SolutionProperties) = preSolution
		HideSolutionNode = FALSE
	EndGlobalSection
EndGlobal
